
Microsoft Visual Studio Solution File, Format Version 12.00
# Visual Studio Version 17
VisualStudioVersion = 17.3.32929.385
MinimumVisualStudioVersion = 10.0.40219.1
Project("{FAE04EC0-301F-11D3-BF4B-00C04F79EFBC}") = "Infrastructure", "Infrastructure\Infrastructure.csproj", "{B3C79304-0C40-4017-83D6-9238E1E5EB06}"
EndProject
Project("{FAE04EC0-301F-11D3-BF4B-00C04F79EFBC}") = "Domain", "Domain\Domain.csproj", "{64EBF567-39F2-4CD5-B3FA-C42BA8C554B6}"
EndProject
Project("{FAE04EC0-301F-11D3-BF4B-00C04F79EFBC}") = "Query", "Query\Query.csproj", "{B0ABC595-C9D0-4B39-A791-42E9E7E4C495}"
EndProject
Project("{FAE04EC0-301F-11D3-BF4B-00C04F79EFBC}") = "Application", "Application\Application.csproj", "{22234987-5CA8-442B-B5E5-0EDF77D3ABA8}"
EndProject
Project("{FAE04EC0-301F-11D3-BF4B-00C04F79EFBC}") = "Presentation.Facade", "Presentation.Facade\Presentation.Facade.csproj", "{0A09F54F-4E17-4D08-B4C3-A425764487F5}"
EndProject
Project("{FAE04EC0-301F-11D3-BF4B-00C04F79EFBC}") = "Config", "Config\Config.csproj", "{4B13C35C-1592-456B-95D5-163B6C698D48}"
EndProject
Project("{2150E333-8FDC-42A3-9474-1A3956D46DE8}") = "EndPoints", "EndPoints", "{45A2D37C-E480-42DA-BE86-F45F4EBDDADE}"
EndProject
Project("{FAE04EC0-301F-11D3-BF4B-00C04F79EFBC}") = "Api", "Api\Api.csproj", "{B759D793-391B-4E58-99AB-CB0820BF2BB6}"
EndProject
Project("{FAE04EC0-301F-11D3-BF4B-00C04F79EFBC}") = "Contracts", "Contracts\Contracts.csproj", "{03B6C730-9FCA-4627-B733-245C70E03356}"
EndProject
Project("{2150E333-8FDC-42A3-9474-1A3956D46DE8}") = "Project", "Project", "{D2E0E880-7E71-4AB5-81D6-A8209474BD3C}"
EndProject
Project("{2150E333-8FDC-42A3-9474-1A3956D46DE8}") = "Common", "Common", "{9031F836-2901-430B-95A7-38FCA6E5D64D}"
EndProject
Project("{FAE04EC0-301F-11D3-BF4B-00C04F79EFBC}") = "Common.Domain", "Common.Domain\Common.Domain.csproj", "{1F2DC9D8-54C6-4624-B262-6F46FCE7D072}"
EndProject
Project("{FAE04EC0-301F-11D3-BF4B-00C04F79EFBC}") = "Common.Query", "Common.Query\Common.Query.csproj", "{48C46727-FAFA-4295-AE6B-8DC83C11B6CA}"
EndProject
Global
	GlobalSection(SolutionConfigurationPlatforms) = preSolution
		Debug|Any CPU = Debug|Any CPU
		Release|Any CPU = Release|Any CPU
	EndGlobalSection
	GlobalSection(ProjectConfigurationPlatforms) = postSolution
		{B3C79304-0C40-4017-83D6-9238E1E5EB06}.Debug|Any CPU.ActiveCfg = Debug|Any CPU
		{B3C79304-0C40-4017-83D6-9238E1E5EB06}.Debug|Any CPU.Build.0 = Debug|Any CPU
		{B3C79304-0C40-4017-83D6-9238E1E5EB06}.Release|Any CPU.ActiveCfg = Release|Any CPU
		{B3C79304-0C40-4017-83D6-9238E1E5EB06}.Release|Any CPU.Build.0 = Release|Any CPU
		{64EBF567-39F2-4CD5-B3FA-C42BA8C554B6}.Debug|Any CPU.ActiveCfg = Debug|Any CPU
		{64EBF567-39F2-4CD5-B3FA-C42BA8C554B6}.Debug|Any CPU.Build.0 = Debug|Any CPU
		{64EBF567-39F2-4CD5-B3FA-C42BA8C554B6}.Release|Any CPU.ActiveCfg = Release|Any CPU
		{64EBF567-39F2-4CD5-B3FA-C42BA8C554B6}.Release|Any CPU.Build.0 = Release|Any CPU
		{B0ABC595-C9D0-4B39-A791-42E9E7E4C495}.Debug|Any CPU.ActiveCfg = Debug|Any CPU
		{B0ABC595-C9D0-4B39-A791-42E9E7E4C495}.Debug|Any CPU.Build.0 = Debug|Any CPU
		{B0ABC595-C9D0-4B39-A791-42E9E7E4C495}.Release|Any CPU.ActiveCfg = Release|Any CPU
		{B0ABC595-C9D0-4B39-A791-42E9E7E4C495}.Release|Any CPU.Build.0 = Release|Any CPU
		{22234987-5CA8-442B-B5E5-0EDF77D3ABA8}.Debug|Any CPU.ActiveCfg = Debug|Any CPU
		{22234987-5CA8-442B-B5E5-0EDF77D3ABA8}.Debug|Any CPU.Build.0 = Debug|Any CPU
		{22234987-5CA8-442B-B5E5-0EDF77D3ABA8}.Release|Any CPU.ActiveCfg = Release|Any CPU
		{22234987-5CA8-442B-B5E5-0EDF77D3ABA8}.Release|Any CPU.Build.0 = Release|Any CPU
		{0A09F54F-4E17-4D08-B4C3-A425764487F5}.Debug|Any CPU.ActiveCfg = Debug|Any CPU
		{0A09F54F-4E17-4D08-B4C3-A425764487F5}.Debug|Any CPU.Build.0 = Debug|Any CPU
		{0A09F54F-4E17-4D08-B4C3-A425764487F5}.Release|Any CPU.ActiveCfg = Release|Any CPU
		{0A09F54F-4E17-4D08-B4C3-A425764487F5}.Release|Any CPU.Build.0 = Release|Any CPU
		{4B13C35C-1592-456B-95D5-163B6C698D48}.Debug|Any CPU.ActiveCfg = Debug|Any CPU
		{4B13C35C-1592-456B-95D5-163B6C698D48}.Debug|Any CPU.Build.0 = Debug|Any CPU
		{4B13C35C-1592-456B-95D5-163B6C698D48}.Release|Any CPU.ActiveCfg = Release|Any CPU
		{4B13C35C-1592-456B-95D5-163B6C698D48}.Release|Any CPU.Build.0 = Release|Any CPU
		{B759D793-391B-4E58-99AB-CB0820BF2BB6}.Debug|Any CPU.ActiveCfg = Debug|Any CPU
		{B759D793-391B-4E58-99AB-CB0820BF2BB6}.Debug|Any CPU.Build.0 = Debug|Any CPU
		{B759D793-391B-4E58-99AB-CB0820BF2BB6}.Release|Any CPU.ActiveCfg = Release|Any CPU
		{B759D793-391B-4E58-99AB-CB0820BF2BB6}.Release|Any CPU.Build.0 = Release|Any CPU
		{03B6C730-9FCA-4627-B733-245C70E03356}.Debug|Any CPU.ActiveCfg = Debug|Any CPU
		{03B6C730-9FCA-4627-B733-245C70E03356}.Debug|Any CPU.Build.0 = Debug|Any CPU
		{03B6C730-9FCA-4627-B733-245C70E03356}.Release|Any CPU.ActiveCfg = Release|Any CPU
		{03B6C730-9FCA-4627-B733-245C70E03356}.Release|Any CPU.Build.0 = Release|Any CPU
		{1F2DC9D8-54C6-4624-B262-6F46FCE7D072}.Debug|Any CPU.ActiveCfg = Debug|Any CPU
		{1F2DC9D8-54C6-4624-B262-6F46FCE7D072}.Debug|Any CPU.Build.0 = Debug|Any CPU
		{1F2DC9D8-54C6-4624-B262-6F46FCE7D072}.Release|Any CPU.ActiveCfg = Release|Any CPU
		{1F2DC9D8-54C6-4624-B262-6F46FCE7D072}.Release|Any CPU.Build.0 = Release|Any CPU
		{48C46727-FAFA-4295-AE6B-8DC83C11B6CA}.Debug|Any CPU.ActiveCfg = Debug|Any CPU
		{48C46727-FAFA-4295-AE6B-8DC83C11B6CA}.Debug|Any CPU.Build.0 = Debug|Any CPU
		{48C46727-FAFA-4295-AE6B-8DC83C11B6CA}.Release|Any CPU.ActiveCfg = Release|Any CPU
		{48C46727-FAFA-4295-AE6B-8DC83C11B6CA}.Release|Any CPU.Build.0 = Release|Any CPU
	EndGlobalSection
	GlobalSection(SolutionProperties) = preSolution
		HideSolutionNode = FALSE
	EndGlobalSection
	GlobalSection(NestedProjects) = preSolution
		{B3C79304-0C40-4017-83D6-9238E1E5EB06} = {D2E0E880-7E71-4AB5-81D6-A8209474BD3C}
		{64EBF567-39F2-4CD5-B3FA-C42BA8C554B6} = {D2E0E880-7E71-4AB5-81D6-A8209474BD3C}
		{B0ABC595-C9D0-4B39-A791-42E9E7E4C495} = {D2E0E880-7E71-4AB5-81D6-A8209474BD3C}
		{22234987-5CA8-442B-B5E5-0EDF77D3ABA8} = {D2E0E880-7E71-4AB5-81D6-A8209474BD3C}
		{0A09F54F-4E17-4D08-B4C3-A425764487F5} = {D2E0E880-7E71-4AB5-81D6-A8209474BD3C}
		{4B13C35C-1592-456B-95D5-163B6C698D48} = {D2E0E880-7E71-4AB5-81D6-A8209474BD3C}
		{45A2D37C-E480-42DA-BE86-F45F4EBDDADE} = {D2E0E880-7E71-4AB5-81D6-A8209474BD3C}
		{B759D793-391B-4E58-99AB-CB0820BF2BB6} = {45A2D37C-E480-42DA-BE86-F45F4EBDDADE}
		{03B6C730-9FCA-4627-B733-245C70E03356} = {D2E0E880-7E71-4AB5-81D6-A8209474BD3C}
		{1F2DC9D8-54C6-4624-B262-6F46FCE7D072} = {9031F836-2901-430B-95A7-38FCA6E5D64D}
		{48C46727-FAFA-4295-AE6B-8DC83C11B6CA} = {9031F836-2901-430B-95A7-38FCA6E5D64D}
	EndGlobalSection
	GlobalSection(ExtensibilityGlobals) = postSolution
		SolutionGuid = {318290F4-6E21-48B6-BA0D-ED8E7561DBAE}
	EndGlobalSection
EndGlobal
